
Microsoft Visual Studio Solution File, Format Version 12.00
# Visual Studio 15
VisualStudioVersion = 15.0.27130.2027
MinimumVisualStudioVersion = 10.0.40219.1
Project("{FAE04EC0-301F-11D3-BF4B-00C04F79EFBC}") = "App6.Android", "App6\App6.Android\App6.Android.csproj", "{C72DBD5D-28E8-4AC6-B9D9-AFCD30C685BE}"
EndProject
Project("{FAE04EC0-301F-11D3-BF4B-00C04F79EFBC}") = "App6", "App6\App6\App6.csproj", "{5314FD90-977E-4390-A33C-A2D91D0EF1C8}"
EndProject
Global
	GlobalSection(SolutionConfigurationPlatforms) = preSolution
		Debug|Any CPU = Debug|Any CPU
		Release|Any CPU = Release|Any CPU
	EndGlobalSection
	GlobalSection(ProjectConfigurationPlatforms) = postSolution
		{C72DBD5D-28E8-4AC6-B9D9-AFCD30C685BE}.Debug|Any CPU.ActiveCfg = Debug|Any CPU
		{C72DBD5D-28E8-4AC6-B9D9-AFCD30C685BE}.Debug|Any CPU.Build.0 = Debug|Any CPU
		{C72DBD5D-28E8-4AC6-B9D9-AFCD30C685BE}.Debug|Any CPU.Deploy.0 = Debug|Any CPU
		{C72DBD5D-28E8-4AC6-B9D9-AFCD30C685BE}.Release|Any CPU.ActiveCfg = Release|Any CPU
		{C72DBD5D-28E8-4AC6-B9D9-AFCD30C685BE}.Release|Any CPU.Build.0 = Release|Any CPU
		{C72DBD5D-28E8-4AC6-B9D9-AFCD30C685BE}.Release|Any CPU.Deploy.0 = Release|Any CPU
		{5314FD90-977E-4390-A33C-A2D91D0EF1C8}.Debug|Any CPU.ActiveCfg = Debug|Any CPU
		{5314FD90-977E-4390-A33C-A2D91D0EF1C8}.Debug|Any CPU.Build.0 = Debug|Any CPU
		{5314FD90-977E-4390-A33C-A2D91D0EF1C8}.Release|Any CPU.ActiveCfg = Release|Any CPU
		{5314FD90-977E-4390-A33C-A2D91D0EF1C8}.Release|Any CPU.Build.0 = Release|Any CPU
	EndGlobalSection
	GlobalSection(SolutionProperties) = preSolution
		HideSolutionNode = FALSE
	EndGlobalSection
	GlobalSection(ExtensibilityGlobals) = postSolution
		SolutionGuid = {99057102-B908-43F5-ACA1-D4CA05E9A981}
	EndGlobalSection
EndGlobal
